
Microsoft Visual Studio Solution File, Format Version 12.00
# Visual Studio Version 17
VisualStudioVersion = 17.9.34714.143
MinimumVisualStudioVersion = 10.0.40219.1
Project("{FAE04EC0-301F-11D3-BF4B-00C04F79EFBC}") = "PWDB 6 AC", "PWDB 6 AC.csproj", "{0E97C285-D5FB-4C67-9A37-4E56F3C202A9}"
EndProject
Global
	GlobalSection(SolutionConfigurationPlatforms) = preSolution
		Debug|Any CPU = Debug|Any CPU
		Release|Any CPU = Release|Any CPU
	EndGlobalSection
	GlobalSection(ProjectConfigurationPlatforms) = postSolution
		{0E97C285-D5FB-4C67-9A37-4E56F3C202A9}.Debug|Any CPU.ActiveCfg = Debug|Any CPU
		{0E97C285-D5FB-4C67-9A37-4E56F3C202A9}.Debug|Any CPU.Build.0 = Debug|Any CPU
		{0E97C285-D5FB-4C67-9A37-4E56F3C202A9}.Release|Any CPU.ActiveCfg = Release|Any CPU
		{0E97C285-D5FB-4C67-9A37-4E56F3C202A9}.Release|Any CPU.Build.0 = Release|Any CPU
	EndGlobalSection
	GlobalSection(SolutionProperties) = preSolution
		HideSolutionNode = FALSE
	EndGlobalSection
	GlobalSection(ExtensibilityGlobals) = postSolution
		SolutionGuid = {6322F7A2-F11A-4504-B313-166671E24EE8}
	EndGlobalSection
EndGlobal
